// !$*UTF8*$!
{
	archiveVersion = 1;
	classes = {
	};
	objectVersion = 56;
	objects = {

/* Begin PBXBuildFile section */
		69C9DA3D2AC0A18B0029216F /* LoginWithFSMApp.swift in Sources */ = {isa = PBXBuildFile; fileRef = 69C9DA3C2AC0A18B0029216F /* LoginWithFSMApp.swift */; };
		69C9DA3F2AC0A18B0029216F /* ContentView.swift in Sources */ = {isa = PBXBuildFile; fileRef = 69C9DA3E2AC0A18B0029216F /* ContentView.swift */; };
		69C9DA412AC0A18D0029216F /* Assets.xcassets in Resources */ = {isa = PBXBuildFile; fileRef = 69C9DA402AC0A18D0029216F /* Assets.xcassets */; };
		69C9DA442AC0A18D0029216F /* Preview Assets.xcassets in Resources */ = {isa = PBXBuildFile; fileRef = 69C9DA432AC0A18D0029216F /* Preview Assets.xcassets */; };
		69C9DA4E2AC0A18D0029216F /* LoginWithFSMTests.swift in Sources */ = {isa = PBXBuildFile; fileRef = 69C9DA4D2AC0A18D0029216F /* LoginWithFSMTests.swift */; };
		69C9DA582AC0A18D0029216F /* LoginWithFSMUITests.swift in Sources */ = {isa = PBXBuildFile; fileRef = 69C9DA572AC0A18D0029216F /* LoginWithFSMUITests.swift */; };
		69C9DA5A2AC0A18D0029216F /* LoginWithFSMUITestsLaunchTests.swift in Sources */ = {isa = PBXBuildFile; fileRef = 69C9DA592AC0A18D0029216F /* LoginWithFSMUITestsLaunchTests.swift */; };
/* End PBXBuildFile section */

/* Begin PBXContainerItemProxy section */
		69C9DA4A2AC0A18D0029216F /* PBXContainerItemProxy */ = {
			isa = PBXContainerItemProxy;
			containerPortal = 69C9DA312AC0A18B0029216F /* Project object */;
			proxyType = 1;
			remoteGlobalIDString = 69C9DA382AC0A18B0029216F;
			remoteInfo = LoginWithFSM;
		};
		69C9DA542AC0A18D0029216F /* PBXContainerItemProxy */ = {
			isa = PBXContainerItemProxy;
			containerPortal = 69C9DA312AC0A18B0029216F /* Project object */;
			proxyType = 1;
			remoteGlobalIDString = 69C9DA382AC0A18B0029216F;
			remoteInfo = LoginWithFSM;
		};
/* End PBXContainerItemProxy section */

/* Begin PBXFileReference section */
		69C9DA392AC0A18B0029216F /* LoginWithFSM.app */ = {isa = PBXFileReference; explicitFileType = wrapper.application; includeInIndex = 0; path = LoginWithFSM.app; sourceTree = BUILT_PRODUCTS_DIR; };
		69C9DA3C2AC0A18B0029216F /* LoginWithFSMApp.swift */ = {isa = PBXFileReference; lastKnownFileType = sourcecode.swift; path = LoginWithFSMApp.swift; sourceTree = "<group>"; };
		69C9DA3E2AC0A18B0029216F /* ContentView.swift */ = {isa = PBXFileReference; lastKnownFileType = sourcecode.swift; path = ContentView.swift; sourceTree = "<group>"; };
		69C9DA402AC0A18D0029216F /* Assets.xcassets */ = {isa = PBXFileReference; lastKnownFileType = folder.assetcatalog; path = Assets.xcassets; sourceTree = "<group>"; };
		69C9DA432AC0A18D0029216F /* Preview Assets.xcassets */ = {isa = PBXFileReference; lastKnownFileType = folder.assetcatalog; path = "Preview Assets.xcassets"; sourceTree = "<group>"; };
		69C9DA492AC0A18D0029216F /* LoginWithFSMTests.xctest */ = {isa = PBXFileReference; explicitFileType = wrapper.cfbundle; includeInIndex = 0; path = LoginWithFSMTests.xctest; sourceTree = BUILT_PRODUCTS_DIR; };
		69C9DA4D2AC0A18D0029216F /* LoginWithFSMTests.swift */ = {isa = PBXFileReference; lastKnownFileType = sourcecode.swift; path = LoginWithFSMTests.swift; sourceTree = "<group>"; };
		69C9DA532AC0A18D0029216F /* LoginWithFSMUITests.xctest */ = {isa = PBXFileReference; explicitFileType = wrapper.cfbundle; includeInIndex = 0; path = LoginWithFSMUITests.xctest; sourceTree = BUILT_PRODUCTS_DIR; };
		69C9DA572AC0A18D0029216F /* LoginWithFSMUITests.swift */ = {isa = PBXFileReference; lastKnownFileType = sourcecode.swift; path = LoginWithFSMUITests.swift; sourceTree = "<group>"; };
		69C9DA592AC0A18D0029216F /* LoginWithFSMUITestsLaunchTests.swift */ = {isa = PBXFileReference; lastKnownFileType = sourcecode.swift; path = LoginWithFSMUITestsLaunchTests.swift; sourceTree = "<group>"; };
/* End PBXFileReference section */

/* Begin PBXFrameworksBuildPhase section */
		69C9DA362AC0A18B0029216F /* Frameworks */ = {
			isa = PBXFrameworksBuildPhase;
			buildActionMask = 2147483647;
			files = (
			);
			runOnlyForDeploymentPostprocessing = 0;
		};
		69C9DA462AC0A18D0029216F /* Frameworks */ = {
			isa = PBXFrameworksBuildPhase;
			buildActionMask = 2147483647;
			files = (
			);
			runOnlyForDeploymentPostprocessing = 0;
		};
		69C9DA502AC0A18D0029216F /* Frameworks */ = {
			isa = PBXFrameworksBuildPhase;
			buildActionMask = 2147483647;
			files = (
			);
			runOnlyForDeploymentPostprocessing = 0;
		};
/* End PBXFrameworksBuildPhase section */

/* Begin PBXGroup section */
		69C9DA302AC0A18B0029216F = {
			isa = PBXGroup;
			children = (
				69C9DA3B2AC0A18B0029216F /* LoginWithFSM */,
				69C9DA4C2AC0A18D0029216F /* LoginWithFSMTests */,
				69C9DA562AC0A18D0029216F /* LoginWithFSMUITests */,
				69C9DA3A2AC0A18B0029216F /* Products */,
			);
			sourceTree = "<group>";
		};
		69C9DA3A2AC0A18B0029216F /* Products */ = {
			isa = PBXGroup;
			children = (
				69C9DA392AC0A18B0029216F /* LoginWithFSM.app */,
				69C9DA492AC0A18D0029216F /* LoginWithFSMTests.xctest */,
				69C9DA532AC0A18D0029216F /* LoginWithFSMUITests.xctest */,
			);
			name = Products;
			sourceTree = "<group>";
		};
		69C9DA3B2AC0A18B0029216F /* LoginWithFSM */ = {
			isa = PBXGroup;
			children = (
				69C9DA3C2AC0A18B0029216F /* LoginWithFSMApp.swift */,
				69C9DA3E2AC0A18B0029216F /* ContentView.swift */,
				69C9DA402AC0A18D0029216F /* Assets.xcassets */,
				69C9DA422AC0A18D0029216F /* Preview Content */,
			);
			path = LoginWithFSM;
			sourceTree = "<group>";
		};
		69C9DA422AC0A18D0029216F /* Preview Content */ = {
			isa = PBXGroup;
			children = (
				69C9DA432AC0A18D0029216F /* Preview Assets.xcassets */,
			);
			path = "Preview Content";
			sourceTree = "<group>";
		};
		69C9DA4C2AC0A18D0029216F /* LoginWithFSMTests */ = {
			isa = PBXGroup;
			children = (
				69C9DA4D2AC0A18D0029216F /* LoginWithFSMTests.swift */,
			);
			path = LoginWithFSMTests;
			sourceTree = "<group>";
		};
		69C9DA562AC0A18D0029216F /* LoginWithFSMUITests */ = {
			isa = PBXGroup;
			children = (
				69C9DA572AC0A18D0029216F /* LoginWithFSMUITests.swift */,
				69C9DA592AC0A18D0029216F /* LoginWithFSMUITestsLaunchTests.swift */,
			);
			path = LoginWithFSMUITests;
			sourceTree = "<group>";
		};
/* End PBXGroup section */

/* Begin PBXNativeTarget section */
		69C9DA382AC0A18B0029216F /* LoginWithFSM */ = {
			isa = PBXNativeTarget;
			buildConfigurationList = 69C9DA5D2AC0A18D0029216F /* Build configuration list for PBXNativeTarget "LoginWithFSM" */;
			buildPhases = (
				69C9DA352AC0A18B0029216F /* Sources */,
				69C9DA362AC0A18B0029216F /* Frameworks */,
				69C9DA372AC0A18B0029216F /* Resources */,
			);
			buildRules = (
			);
			dependencies = (
			);
			name = LoginWithFSM;
			productName = LoginWithFSM;
			productReference = 69C9DA392AC0A18B0029216F /* LoginWithFSM.app */;
			productType = "com.apple.product-type.application";
		};
		69C9DA482AC0A18D0029216F /* LoginWithFSMTests */ = {
			isa = PBXNativeTarget;
			buildConfigurationList = 69C9DA602AC0A18D0029216F /* Build configuration list for PBXNativeTarget "LoginWithFSMTests" */;
			buildPhases = (
				69C9DA452AC0A18D0029216F /* Sources */,
				69C9DA462AC0A18D0029216F /* Frameworks */,
				69C9DA472AC0A18D0029216F /* Resources */,
			);
			buildRules = (
			);
			dependencies = (
				69C9DA4B2AC0A18D0029216F /* PBXTargetDependency */,
			);
			name = LoginWithFSMTests;
			productName = LoginWithFSMTests;
			productReference = 69C9DA492AC0A18D0029216F /* LoginWithFSMTests.xctest */;
			productType = "com.apple.product-type.bundle.unit-test";
		};
		69C9DA522AC0A18D0029216F /* LoginWithFSMUITests */ = {
			isa = PBXNativeTarget;
			buildConfigurationList = 69C9DA632AC0A18D0029216F /* Build configuration list for PBXNativeTarget "LoginWithFSMUITests" */;
			buildPhases = (
				69C9DA4F2AC0A18D0029216F /* Sources */,
				69C9DA502AC0A18D0029216F /* Frameworks */,
				69C9DA512AC0A18D0029216F /* Resources */,
			);
			buildRules = (
			);
			dependencies = (
				69C9DA552AC0A18D0029216F /* PBXTargetDependency */,
			);
			name = LoginWithFSMUITests;
			productName = LoginWithFSMUITests;
			productReference = 69C9DA532AC0A18D0029216F /* LoginWithFSMUITests.xctest */;
			productType = "com.apple.product-type.bundle.ui-testing";
		};
/* End PBXNativeTarget section */

/* Begin PBXProject section */
		69C9DA312AC0A18B0029216F /* Project object */ = {
			isa = PBXProject;
			attributes = {
				BuildIndependentTargetsInParallel = 1;
				LastSwiftUpdateCheck = 1430;
				LastUpgradeCheck = 1430;
				TargetAttributes = {
					69C9DA382AC0A18B0029216F = {
						CreatedOnToolsVersion = 14.3.1;
					};
					69C9DA482AC0A18D0029216F = {
						CreatedOnToolsVersion = 14.3.1;
						TestTargetID = 69C9DA382AC0A18B0029216F;
					};
					69C9DA522AC0A18D0029216F = {
						CreatedOnToolsVersion = 14.3.1;
						TestTargetID = 69C9DA382AC0A18B0029216F;
					};
				};
			};
			buildConfigurationList = 69C9DA342AC0A18B0029216F /* Build configuration list for PBXProject "LoginWithFSM" */;
			compatibilityVersion = "Xcode 14.0";
			developmentRegion = en;
			hasScannedForEncodings = 0;
			knownRegions = (
				en,
				Base,
			);
			mainGroup = 69C9DA302AC0A18B0029216F;
			productRefGroup = 69C9DA3A2AC0A18B0029216F /* Products */;
			projectDirPath = "";
			projectRoot = "";
			targets = (
				69C9DA382AC0A18B0029216F /* LoginWithFSM */,
				69C9DA482AC0A18D0029216F /* LoginWithFSMTests */,
				69C9DA522AC0A18D0029216F /* LoginWithFSMUITests */,
			);
		};
/* End PBXProject section */

/* Begin PBXResourcesBuildPhase section */
		69C9DA372AC0A18B0029216F /* Resources */ = {
			isa = PBXResourcesBuildPhase;
			buildActionMask = 2147483647;
			files = (
				69C9DA442AC0A18D0029216F /* Preview Assets.xcassets in Resources */,
				69C9DA412AC0A18D0029216F /* Assets.xcassets in Resources */,
			);
			runOnlyForDeploymentPostprocessing = 0;
		};
		69C9DA472AC0A18D0029216F /* Resources */ = {
			isa = PBXResourcesBuildPhase;
			buildActionMask = 2147483647;
			files = (
			);
			runOnlyForDeploymentPostprocessing = 0;
		};
		69C9DA512AC0A18D0029216F /* Resources */ = {
			isa = PBXResourcesBuildPhase;
			buildActionMask = 2147483647;
			files = (
			);
			runOnlyForDeploymentPostprocessing = 0;
		};
/* End PBXResourcesBuildPhase section */

/* Begin PBXSourcesBuildPhase section */
		69C9DA352AC0A18B0029216F /* Sources */ = {
			isa = PBXSourcesBuildPhase;
			buildActionMask = 2147483647;
			files = (
				69C9DA3F2AC0A18B0029216F /* ContentView.swift in Sources */,
				69C9DA3D2AC0A18B0029216F /* LoginWithFSMApp.swift in Sources */,
			);
			runOnlyForDeploymentPostprocessing = 0;
		};
		69C9DA452AC0A18D0029216F /* Sources */ = {
			isa = PBXSourcesBuildPhase;
			buildActionMask = 2147483647;
			files = (
				69C9DA4E2AC0A18D0029216F /* LoginWithFSMTests.swift in Sources */,
			);
			runOnlyForDeploymentPostprocessing = 0;
		};
		69C9DA4F2AC0A18D0029216F /* Sources */ = {
			isa = PBXSourcesBuildPhase;
			buildActionMask = 2147483647;
			files = (
				69C9DA582AC0A18D0029216F /* LoginWithFSMUITests.swift in Sources */,
				69C9DA5A2AC0A18D0029216F /* LoginWithFSMUITestsLaunchTests.swift in Sources */,
			);
			runOnlyForDeploymentPostprocessing = 0;
		};
/* End PBXSourcesBuildPhase section */

/* Begin PBXTargetDependency section */
		69C9DA4B2AC0A18D0029216F /* PBXTargetDependency */ = {
			isa = PBXTargetDependency;
			target = 69C9DA382AC0A18B0029216F /* LoginWithFSM */;
			targetProxy = 69C9DA4A2AC0A18D0029216F /* PBXContainerItemProxy */;
		};
		69C9DA552AC0A18D0029216F /* PBXTargetDependency */ = {
			isa = PBXTargetDependency;
			target = 69C9DA382AC0A18B0029216F /* LoginWithFSM */;
			targetProxy = 69C9DA542AC0A18D0029216F /* PBXContainerItemProxy */;
		};
/* End PBXTargetDependency section */

/* Begin XCBuildConfiguration section */
		69C9DA5B2AC0A18D0029216F /* Debug */ = {
			isa = XCBuildConfiguration;
			buildSettings = {
				ALWAYS_SEARCH_USER_PATHS = NO;
				CLANG_ANALYZER_NONNULL = YES;
				CLANG_ANALYZER_NUMBER_OBJECT_CONVERSION = YES_AGGRESSIVE;
				CLANG_CXX_LANGUAGE_STANDARD = "gnu++20";
				CLANG_ENABLE_MODULES = YES;
				CLANG_ENABLE_OBJC_ARC = YES;
				CLANG_ENABLE_OBJC_WEAK = YES;
				CLANG_WARN_BLOCK_CAPTURE_AUTORELEASING = YES;
				CLANG_WARN_BOOL_CONVERSION = YES;
				CLANG_WARN_COMMA = YES;
				CLANG_WARN_CONSTANT_CONVERSION = YES;
				CLANG_WARN_DEPRECATED_OBJC_IMPLEMENTATIONS = YES;
				CLANG_WARN_DIRECT_OBJC_ISA_USAGE = YES_ERROR;
				CLANG_WARN_DOCUMENTATION_COMMENTS = YES;
				CLANG_WARN_EMPTY_BODY = YES;
				CLANG_WARN_ENUM_CONVERSION = YES;
				CLANG_WARN_INFINITE_RECURSION = YES;
				CLANG_WARN_INT_CONVERSION = YES;
				CLANG_WARN_NON_LITERAL_NULL_CONVERSION = YES;
				CLANG_WARN_OBJC_IMPLICIT_RETAIN_SELF = YES;
				CLANG_WARN_OBJC_LITERAL_CONVERSION = YES;
				CLANG_WARN_OBJC_ROOT_CLASS = YES_ERROR;
				CLANG_WARN_QUOTED_INCLUDE_IN_FRAMEWORK_HEADER = YES;
				CLANG_WARN_RANGE_LOOP_ANALYSIS = YES;
				CLANG_WARN_STRICT_PROTOTYPES = YES;
				CLANG_WARN_SUSPICIOUS_MOVE = YES;
				CLANG_WARN_UNGUARDED_AVAILABILITY = YES_AGGRESSIVE;
				CLANG_WARN_UNREACHABLE_CODE = YES;
				CLANG_WARN__DUPLICATE_METHOD_MATCH = YES;
				COPY_PHASE_STRIP = NO;
				DEBUG_INFORMATION_FORMAT = dwarf;
				ENABLE_STRICT_OBJC_MSGSEND = YES;
				ENABLE_TESTABILITY = YES;
				GCC_C_LANGUAGE_STANDARD = gnu11;
				GCC_DYNAMIC_NO_PIC = NO;
				GCC_NO_COMMON_BLOCKS = YES;
				GCC_OPTIMIZATION_LEVEL = 0;
				GCC_PREPROCESSOR_DEFINITIONS = (
					"DEBUG=1",
					"$(inherited)",
				);
				GCC_WARN_64_TO_32_BIT_CONVERSION = YES;
				GCC_WARN_ABOUT_RETURN_TYPE = YES_ERROR;
				GCC_WARN_UNDECLARED_SELECTOR = YES;
				GCC_WARN_UNINITIALIZED_AUTOS = YES_AGGRESSIVE;
				GCC_WARN_UNUSED_FUNCTION = YES;
				GCC_WARN_UNUSED_VARIABLE = YES;
				IPHONEOS_DEPLOYMENT_TARGET = 16.4;
				MTL_ENABLE_DEBUG_INFO = INCLUDE_SOURCE;
				MTL_FAST_MATH = YES;
				ONLY_ACTIVE_ARCH = YES;
				SDKROOT = iphoneos;
				SWIFT_ACTIVE_COMPILATION_CONDITIONS = DEBUG;
				SWIFT_OPTIMIZATION_LEVEL = "-Onone";
			};
			name = Debug;
		};
		69C9DA5C2AC0A18D0029216F /* Release */ = {
			isa = XCBuildConfiguration;
			buildSettings = {
				ALWAYS_SEARCH_USER_PATHS = NO;
				CLANG_ANALYZER_NONNULL = YES;
				CLANG_ANALYZER_NUMBER_OBJECT_CONVERSION = YES_AGGRESSIVE;
				CLANG_CXX_LANGUAGE_STANDARD = "gnu++20";
				CLANG_ENABLE_MODULES = YES;
				CLANG_ENABLE_OBJC_ARC = YES;
				CLANG_ENABLE_OBJC_WEAK = YES;
				CLANG_WARN_BLOCK_CAPTURE_AUTORELEASING = YES;
				CLANG_WARN_BOOL_CONVERSION = YES;
				CLANG_WARN_COMMA = YES;
				CLANG_WARN_CONSTANT_CONVERSION = YES;
				CLANG_WARN_DEPRECATED_OBJC_IMPLEMENTATIONS = YES;
				CLANG_WARN_DIRECT_OBJC_ISA_USAGE = YES_ERROR;
				CLANG_WARN_DOCUMENTATION_COMMENTS = YES;
				CLANG_WARN_EMPTY_BODY = YES;
				CLANG_WARN_ENUM_CONVERSION = YES;
				CLANG_WARN_INFINITE_RECURSION = YES;
				CLANG_WARN_INT_CONVERSION = YES;
				CLANG_WARN_NON_LITERAL_NULL_CONVERSION = YES;
				CLANG_WARN_OBJC_IMPLICIT_RETAIN_SELF = YES;
				CLANG_WARN_OBJC_LITERAL_CONVERSION = YES;
				CLANG_WARN_OBJC_ROOT_CLASS = YES_ERROR;
				CLANG_WARN_QUOTED_INCLUDE_IN_FRAMEWORK_HEADER = YES;
				CLANG_WARN_RANGE_LOOP_ANALYSIS = YES;
				CLANG_WARN_STRICT_PROTOTYPES = YES;
				CLANG_WARN_SUSPICIOUS_MOVE = YES;
				CLANG_WARN_UNGUARDED_AVAILABILITY = YES_AGGRESSIVE;
				CLANG_WARN_UNREACHABLE_CODE = YES;
				CLANG_WARN__DUPLICATE_METHOD_MATCH = YES;
				COPY_PHASE_STRIP = NO;
				DEBUG_INFORMATION_FORMAT = "dwarf-with-dsym";
				ENABLE_NS_ASSERTIONS = NO;
				ENABLE_STRICT_OBJC_MSGSEND = YES;
				GCC_C_LANGUAGE_STANDARD = gnu11;
				GCC_NO_COMMON_BLOCKS = YES;
				GCC_WARN_64_TO_32_BIT_CONVERSION = YES;
				GCC_WARN_ABOUT_RETURN_TYPE = YES_ERROR;
				GCC_WARN_UNDECLARED_SELECTOR = YES;
				GCC_WARN_UNINITIALIZED_AUTOS = YES_AGGRESSIVE;
				GCC_WARN_UNUSED_FUNCTION = YES;
				GCC_WARN_UNUSED_VARIABLE = YES;
				IPHONEOS_DEPLOYMENT_TARGET = 16.4;
				MTL_ENABLE_DEBUG_INFO = NO;
				MTL_FAST_MATH = YES;
				SDKROOT = iphoneos;
				SWIFT_COMPILATION_MODE = wholemodule;
				SWIFT_OPTIMIZATION_LEVEL = "-O";
				VALIDATE_PRODUCT = YES;
			};
			name = Release;
		};
		69C9DA5E2AC0A18D0029216F /* Debug */ = {
			isa = XCBuildConfiguration;
			buildSettings = {
				ASSETCATALOG_COMPILER_APPICON_NAME = AppIcon;
				ASSETCATALOG_COMPILER_GLOBAL_ACCENT_COLOR_NAME = AccentColor;
				CODE_SIGN_STYLE = Automatic;
				CURRENT_PROJECT_VERSION = 1;
				DEVELOPMENT_ASSET_PATHS = "\"LoginWithFSM/Preview Content\"";
				DEVELOPMENT_TEAM = 5BZJ5S7SH7;
				ENABLE_PREVIEWS = YES;
				GENERATE_INFOPLIST_FILE = YES;
				INFOPLIST_KEY_UIApplicationSceneManifest_Generation = YES;
				INFOPLIST_KEY_UIApplicationSupportsIndirectInputEvents = YES;
				INFOPLIST_KEY_UILaunchScreen_Generation = YES;
				INFOPLIST_KEY_UISupportedInterfaceOrientations_iPad = "UIInterfaceOrientationPortrait UIInterfaceOrientationPortraitUpsideDown UIInterfaceOrientationLandscapeLeft UIInterfaceOrientationLandscapeRight";
				INFOPLIST_KEY_UISupportedInterfaceOrientations_iPhone = "UIInterfaceOrientationPortrait UIInterfaceOrientationLandscapeLeft UIInterfaceOrientationLandscapeRight";
				LD_RUNPATH_SEARCH_PATHS = (
					"$(inherited)",
					"@executable_path/Frameworks",
				);
				MARKETING_VERSION = 1.0;
				PRODUCT_BUNDLE_IDENTIFIER = com.aprearo.LoginWithFSM;
				PRODUCT_NAME = "$(TARGET_NAME)";
				SWIFT_EMIT_LOC_STRINGS = YES;
				SWIFT_VERSION = 5.0;
				TARGETED_DEVICE_FAMILY = "1,2";
			};
			name = Debug;
		};
		69C9DA5F2AC0A18D0029216F /* Release */ = {
			isa = XCBuildConfiguration;
			buildSettings = {
				ASSETCATALOG_COMPILER_APPICON_NAME = AppIcon;
				ASSETCATALOG_COMPILER_GLOBAL_ACCENT_COLOR_NAME = AccentColor;
				CODE_SIGN_STYLE = Automatic;
				CURRENT_PROJECT_VERSION = 1;
				DEVELOPMENT_ASSET_PATHS = "\"LoginWithFSM/Preview Content\"";
				DEVELOPMENT_TEAM = 5BZJ5S7SH7;
				ENABLE_PREVIEWS = YES;
				GENERATE_INFOPLIST_FILE = YES;
				INFOPLIST_KEY_UIApplicationSceneManifest_Generation = YES;
				INFOPLIST_KEY_UIApplicationSupportsIndirectInputEvents = YES;
				INFOPLIST_KEY_UILaunchScreen_Generation = YES;
				INFOPLIST_KEY_UISupportedInterfaceOrientations_iPad = "UIInterfaceOrientationPortrait UIInterfaceOrientationPortraitUpsideDown UIInterfaceOrientationLandscapeLeft UIInterfaceOrientationLandscapeRight";
				INFOPLIST_KEY_UISupportedInterfaceOrientations_iPhone = "UIInterfaceOrientationPortrait UIInterfaceOrientationLandscapeLeft UIInterfaceOrientationLandscapeRight";
				LD_RUNPATH_SEARCH_PATHS = (
					"$(inherited)",
					"@executable_path/Frameworks",
				);
				MARKETING_VERSION = 1.0;
				PRODUCT_BUNDLE_IDENTIFIER = com.aprearo.LoginWithFSM;
				PRODUCT_NAME = "$(TARGET_NAME)";
				SWIFT_EMIT_LOC_STRINGS = YES;
				SWIFT_VERSION = 5.0;
				TARGETED_DEVICE_FAMILY = "1,2";
			};
			name = Release;
		};
		69C9DA612AC0A18D0029216F /* Debug */ = {
			isa = XCBuildConfiguration;
			buildSettings = {
				ALWAYS_EMBED_SWIFT_STANDARD_LIBRARIES = YES;
				BUNDLE_LOADER = "$(TEST_HOST)";
				CODE_SIGN_STYLE = Automatic;
				CURRENT_PROJECT_VERSION = 1;
				DEVELOPMENT_TEAM = 5BZJ5S7SH7;
				GENERATE_INFOPLIST_FILE = YES;
				IPHONEOS_DEPLOYMENT_TARGET = 16.4;
				MARKETING_VERSION = 1.0;
				PRODUCT_BUNDLE_IDENTIFIER = com.aprearo.LoginWithFSMTests;
				PRODUCT_NAME = "$(TARGET_NAME)";
				SWIFT_EMIT_LOC_STRINGS = NO;
				SWIFT_VERSION = 5.0;
				TARGETED_DEVICE_FAMILY = "1,2";
				TEST_HOST = "$(BUILT_PRODUCTS_DIR)/LoginWithFSM.app/$(BUNDLE_EXECUTABLE_FOLDER_PATH)/LoginWithFSM";
			};
			name = Debug;
		};
		69C9DA622AC0A18D0029216F /* Release */ = {
			isa = XCBuildConfiguration;
			buildSettings = {
				ALWAYS_EMBED_SWIFT_STANDARD_LIBRARIES = YES;
				BUNDLE_LOADER = "$(TEST_HOST)";
				CODE_SIGN_STYLE = Automatic;
				CURRENT_PROJECT_VERSION = 1;
				DEVELOPMENT_TEAM = 5BZJ5S7SH7;
				GENERATE_INFOPLIST_FILE = YES;
				IPHONEOS_DEPLOYMENT_TARGET = 16.4;
				MARKETING_VERSION = 1.0;
				PRODUCT_BUNDLE_IDENTIFIER = com.aprearo.LoginWithFSMTests;
				PRODUCT_NAME = "$(TARGET_NAME)";
				SWIFT_EMIT_LOC_STRINGS = NO;
				SWIFT_VERSION = 5.0;
				TARGETED_DEVICE_FAMILY = "1,2";
				TEST_HOST = "$(BUILT_PRODUCTS_DIR)/LoginWithFSM.app/$(BUNDLE_EXECUTABLE_FOLDER_PATH)/LoginWithFSM";
			};
			name = Release;
		};
		69C9DA642AC0A18D0029216F /* Debug */ = {
			isa = XCBuildConfiguration;
			buildSettings = {
				ALWAYS_EMBED_SWIFT_STANDARD_LIBRARIES = YES;
				CODE_SIGN_STYLE = Automatic;
				CURRENT_PROJECT_VERSION = 1;
				DEVELOPMENT_TEAM = 5BZJ5S7SH7;
				GENERATE_INFOPLIST_FILE = YES;
				MARKETING_VERSION = 1.0;
				PRODUCT_BUNDLE_IDENTIFIER = com.aprearo.LoginWithFSMUITests;
				PRODUCT_NAME = "$(TARGET_NAME)";
				SWIFT_EMIT_LOC_STRINGS = NO;
				SWIFT_VERSION = 5.0;
				TARGETED_DEVICE_FAMILY = "1,2";
				TEST_TARGET_NAME = LoginWithFSM;
			};
			name = Debug;
		};
		69C9DA652AC0A18D0029216F /* Release */ = {
			isa = XCBuildConfiguration;
			buildSettings = {
				ALWAYS_EMBED_SWIFT_STANDARD_LIBRARIES = YES;
				CODE_SIGN_STYLE = Automatic;
				CURRENT_PROJECT_VERSION = 1;
				DEVELOPMENT_TEAM = 5BZJ5S7SH7;
				GENERATE_INFOPLIST_FILE = YES;
				MARKETING_VERSION = 1.0;
				PRODUCT_BUNDLE_IDENTIFIER = com.aprearo.LoginWithFSMUITests;
				PRODUCT_NAME = "$(TARGET_NAME)";
				SWIFT_EMIT_LOC_STRINGS = NO;
				SWIFT_VERSION = 5.0;
				TARGETED_DEVICE_FAMILY = "1,2";
				TEST_TARGET_NAME = LoginWithFSM;
			};
			name = Release;
		};
/* End XCBuildConfiguration section */

/* Begin XCConfigurationList section */
		69C9DA342AC0A18B0029216F /* Build configuration list for PBXProject "LoginWithFSM" */ = {
			isa = XCConfigurationList;
			buildConfigurations = (
				69C9DA5B2AC0A18D0029216F /* Debug */,
				69C9DA5C2AC0A18D0029216F /* Release */,
			);
			defaultConfigurationIsVisible = 0;
			defaultConfigurationName = Release;
		};
		69C9DA5D2AC0A18D0029216F /* Build configuration list for PBXNativeTarget "LoginWithFSM" */ = {
			isa = XCConfigurationList;
			buildConfigurations = (
				69C9DA5E2AC0A18D0029216F /* Debug */,
				69C9DA5F2AC0A18D0029216F /* Release */,
			);
			defaultConfigurationIsVisible = 0;
			defaultConfigurationName = Release;
		};
		69C9DA602AC0A18D0029216F /* Build configuration list for PBXNativeTarget "LoginWithFSMTests" */ = {
			isa = XCConfigurationList;
			buildConfigurations = (
				69C9DA612AC0A18D0029216F /* Debug */,
				69C9DA622AC0A18D0029216F /* Release */,
			);
			defaultConfigurationIsVisible = 0;
			defaultConfigurationName = Release;
		};
		69C9DA632AC0A18D0029216F /* Build configuration list for PBXNativeTarget "LoginWithFSMUITests" */ = {
			isa = XCConfigurationList;
			buildConfigurations = (
				69C9DA642AC0A18D0029216F /* Debug */,
				69C9DA652AC0A18D0029216F /* Release */,
			);
			defaultConfigurationIsVisible = 0;
			defaultConfigurationName = Release;
		};
/* End XCConfigurationList section */
	};
	rootObject = 69C9DA312AC0A18B0029216F /* Project object */;
}
